# This file is automatically @generated by Poetry 1.8.4 and should not be changed by hand.

[[package]]
name = "javascript"
version = "1!1.2.1"
description = "Call and interop Node.js APIs with Python"
optional = false
python-versions = "<4,>=3.7"
files = [
    {file = "javascript-1!1.2.1-py3-none-any.whl", hash = "sha256:cd8c92d5856ac2f5f27d12902714e72ecf0e241b2d1c221ca397af9db87db87b"},
    {file = "javascript-1!1.2.1.tar.gz", hash = "sha256:a19e2d8e9109f45b1a529f5e151b1bf50d0aa4e7941abcd287d48984c897558f"},
]

[package.extras]
dev = ["check-manifest"]
test = ["coverage"]

[metadata]
lock-version = "2.0"
python-versions = "^3.11"
content-hash = "1fd98ad2e4c8e1fb2fb8260d0cf82330197969cf1b4dcc7d9d51e49fccb01d6a"
